
Microsoft Visual Studio Solution File, Format Version 12.00
# Visual Studio Version 17
VisualStudioVersion = 17.0.31903.59
MinimumVisualStudioVersion = 10.0.40219.1
Project("{2150E333-8FDC-42A3-9474-1A3956D46DE8}") = "Services", "Services", "{C0A648DD-59B3-4486-919F-6C3FC969FEE3}"
EndProject
Project("{2150E333-8FDC-42A3-9474-1A3956D46DE8}") = "Catalog", "Catalog", "{9BAD3F67-D9D2-4E8F-886A-538398C09ED4}"
EndProject
Project("{FAE04EC0-301F-11D3-BF4B-00C04F79EFBC}") = "Catalog.API", "Services\Catalog\Catalog.API\Catalog.API.csproj", "{B17E6551-4B1A-48FE-9E9C-003F663D3398}"
EndProject
Global
	GlobalSection(SolutionConfigurationPlatforms) = preSolution
		Debug|Any CPU = Debug|Any CPU
		Release|Any CPU = Release|Any CPU
	EndGlobalSection
	GlobalSection(SolutionProperties) = preSolution
		HideSolutionNode = FALSE
	EndGlobalSection
	GlobalSection(ProjectConfigurationPlatforms) = postSolution
		{B17E6551-4B1A-48FE-9E9C-003F663D3398}.Debug|Any CPU.ActiveCfg = Debug|Any CPU
		{B17E6551-4B1A-48FE-9E9C-003F663D3398}.Debug|Any CPU.Build.0 = Debug|Any CPU
		{B17E6551-4B1A-48FE-9E9C-003F663D3398}.Release|Any CPU.ActiveCfg = Release|Any CPU
		{B17E6551-4B1A-48FE-9E9C-003F663D3398}.Release|Any CPU.Build.0 = Release|Any CPU
	EndGlobalSection
	GlobalSection(NestedProjects) = preSolution
		{9BAD3F67-D9D2-4E8F-886A-538398C09ED4} = {C0A648DD-59B3-4486-919F-6C3FC969FEE3}
		{B17E6551-4B1A-48FE-9E9C-003F663D3398} = {9BAD3F67-D9D2-4E8F-886A-538398C09ED4}
	EndGlobalSection
EndGlobal
